// !$*UTF8*$!
{
	archiveVersion = 1;
	classes = {
	};
	objectVersion = 50;
	objects = {

/* Begin PBXBuildFile section */
		B6F2571125FEF45D00DABF05 /* main.c in Sources */ = {isa = PBXBuildFile; fileRef = B6F2571025FEF45D00DABF05 /* main.c */; };
		B6F2571A25FEF4ED00DABF05 /* pnm.c in Sources */ = {isa = PBXBuildFile; fileRef = B6F2571925FEF4ED00DABF05 /* pnm.c */; };
/* End PBXBuildFile section */

/* Begin PBXCopyFilesBuildPhase section */
		B6F2570B25FEF45D00DABF05 /* CopyFiles */ = {
			isa = PBXCopyFilesBuildPhase;
			buildActionMask = 2147483647;
			dstPath = /usr/share/man/man1/;
			dstSubfolderSpec = 0;
			files = (
			);
			runOnlyForDeploymentPostprocessing = 1;
		};
/* End PBXCopyFilesBuildPhase section */

/* Begin PBXFileReference section */
		B6F2570D25FEF45D00DABF05 /* pnm */ = {isa = PBXFileReference; explicitFileType = "compiled.mach-o.executable"; includeInIndex = 0; path = pnm; sourceTree = BUILT_PRODUCTS_DIR; };
		B6F2571025FEF45D00DABF05 /* main.c */ = {isa = PBXFileReference; lastKnownFileType = sourcecode.c.c; path = main.c; sourceTree = "<group>"; };
		B6F2571825FEF4ED00DABF05 /* pnm.h */ = {isa = PBXFileReference; lastKnownFileType = sourcecode.c.h; path = pnm.h; sourceTree = "<group>"; };
		B6F2571925FEF4ED00DABF05 /* pnm.c */ = {isa = PBXFileReference; lastKnownFileType = sourcecode.c.c; path = pnm.c; sourceTree = "<group>"; };
		B6F2571F25FEF55500DABF05 /* pnm.pdf */ = {isa = PBXFileReference; lastKnownFileType = image.pdf; path = pnm.pdf; sourceTree = "<group>"; };
		B6F2572125FEF57E00DABF05 /* hippocampe.pbm */ = {isa = PBXFileReference; fileEncoding = 4; lastKnownFileType = text; path = hippocampe.pbm; sourceTree = "<group>"; };
		B6F2572225FEF57E00DABF05 /* washington.pbm */ = {isa = PBXFileReference; fileEncoding = 4; lastKnownFileType = text; path = washington.pbm; sourceTree = "<group>"; };
		B6F2572325FEF57E00DABF05 /* poivron.pgm */ = {isa = PBXFileReference; fileEncoding = 4; lastKnownFileType = text; path = poivron.pgm; sourceTree = "<group>"; };
		B6F2572425FEF57E00DABF05 /* totem.pgm */ = {isa = PBXFileReference; fileEncoding = 4; lastKnownFileType = text; path = totem.pgm; sourceTree = "<group>"; };
		B6F2572525FEF57E00DABF05 /* arcenciel.ppm */ = {isa = PBXFileReference; fileEncoding = 4; lastKnownFileType = text; path = arcenciel.ppm; sourceTree = "<group>"; };
		B6F2572625FEF57E00DABF05 /* monalisa.pgm */ = {isa = PBXFileReference; fileEncoding = 4; lastKnownFileType = text; path = monalisa.pgm; sourceTree = "<group>"; };
		B6F2572725FEF57E00DABF05 /* antilope.ppm */ = {isa = PBXFileReference; fileEncoding = 4; lastKnownFileType = text; path = antilope.ppm; sourceTree = "<group>"; };
		B6F2572825FEF57E00DABF05 /* escargot.ppm */ = {isa = PBXFileReference; fileEncoding = 4; lastKnownFileType = text; path = escargot.ppm; sourceTree = "<group>"; };
		B6F2572925FEF57E00DABF05 /* scs.pbm */ = {isa = PBXFileReference; fileEncoding = 4; lastKnownFileType = text; path = scs.pbm; sourceTree = "<group>"; };
/* End PBXFileReference section */

/* Begin PBXFrameworksBuildPhase section */
		B6F2570A25FEF45D00DABF05 /* Frameworks */ = {
			isa = PBXFrameworksBuildPhase;
			buildActionMask = 2147483647;
			files = (
			);
			runOnlyForDeploymentPostprocessing = 0;
		};
/* End PBXFrameworksBuildPhase section */

/* Begin PBXGroup section */
		B6F2570425FEF45D00DABF05 = {
			isa = PBXGroup;
			children = (
				B6F2571E25FEF55500DABF05 /* Info */,
				B6F2570F25FEF45D00DABF05 /* pnm */,
				B6F2570E25FEF45D00DABF05 /* Products */,
			);
			sourceTree = "<group>";
		};
		B6F2570E25FEF45D00DABF05 /* Products */ = {
			isa = PBXGroup;
			children = (
				B6F2570D25FEF45D00DABF05 /* pnm */,
			);
			name = Products;
			sourceTree = "<group>";
		};
		B6F2570F25FEF45D00DABF05 /* pnm */ = {
			isa = PBXGroup;
			children = (
				B6F2572025FEF57E00DABF05 /* exemples_images */,
				B6F2571025FEF45D00DABF05 /* main.c */,
				B6F2571825FEF4ED00DABF05 /* pnm.h */,
				B6F2571925FEF4ED00DABF05 /* pnm.c */,
			);
			path = pnm;
			sourceTree = "<group>";
		};
		B6F2571E25FEF55500DABF05 /* Info */ = {
			isa = PBXGroup;
			children = (
				B6F2571F25FEF55500DABF05 /* pnm.pdf */,
			);
			path = Info;
			sourceTree = "<group>";
		};
		B6F2572025FEF57E00DABF05 /* exemples_images */ = {
			isa = PBXGroup;
			children = (
				B6F2572125FEF57E00DABF05 /* hippocampe.pbm */,
				B6F2572225FEF57E00DABF05 /* washington.pbm */,
				B6F2572325FEF57E00DABF05 /* poivron.pgm */,
				B6F2572425FEF57E00DABF05 /* totem.pgm */,
				B6F2572525FEF57E00DABF05 /* arcenciel.ppm */,
				B6F2572625FEF57E00DABF05 /* monalisa.pgm */,
				B6F2572725FEF57E00DABF05 /* antilope.ppm */,
				B6F2572825FEF57E00DABF05 /* escargot.ppm */,
				B6F2572925FEF57E00DABF05 /* scs.pbm */,
			);
			path = exemples_images;
			sourceTree = "<group>";
		};
/* End PBXGroup section */

/* Begin PBXNativeTarget section */
		B6F2570C25FEF45D00DABF05 /* pnm */ = {
			isa = PBXNativeTarget;
			buildConfigurationList = B6F2571425FEF45D00DABF05 /* Build configuration list for PBXNativeTarget "pnm" */;
			buildPhases = (
				B6F2570925FEF45D00DABF05 /* Sources */,
				B6F2570A25FEF45D00DABF05 /* Frameworks */,
				B6F2570B25FEF45D00DABF05 /* CopyFiles */,
			);
			buildRules = (
			);
			dependencies = (
			);
			name = pnm;
			productName = pnm;
			productReference = B6F2570D25FEF45D00DABF05 /* pnm */;
			productType = "com.apple.product-type.tool";
		};
/* End PBXNativeTarget section */

/* Begin PBXProject section */
		B6F2570525FEF45D00DABF05 /* Project object */ = {
			isa = PBXProject;
			attributes = {
				LastUpgradeCheck = 1240;
				TargetAttributes = {
					B6F2570C25FEF45D00DABF05 = {
						CreatedOnToolsVersion = 12.4;
					};
				};
			};
			buildConfigurationList = B6F2570825FEF45D00DABF05 /* Build configuration list for PBXProject "pnm" */;
			compatibilityVersion = "Xcode 9.3";
			developmentRegion = en;
			hasScannedForEncodings = 0;
			knownRegions = (
				en,
				Base,
			);
			mainGroup = B6F2570425FEF45D00DABF05;
			productRefGroup = B6F2570E25FEF45D00DABF05 /* Products */;
			projectDirPath = "";
			projectRoot = "";
			targets = (
				B6F2570C25FEF45D00DABF05 /* pnm */,
			);
		};
/* End PBXProject section */

/* Begin PBXSourcesBuildPhase section */
		B6F2570925FEF45D00DABF05 /* Sources */ = {
			isa = PBXSourcesBuildPhase;
			buildActionMask = 2147483647;
			files = (
				B6F2571125FEF45D00DABF05 /* main.c in Sources */,
				B6F2571A25FEF4ED00DABF05 /* pnm.c in Sources */,
			);
			runOnlyForDeploymentPostprocessing = 0;
		};
/* End PBXSourcesBuildPhase section */

/* Begin XCBuildConfiguration section */
		B6F2571225FEF45D00DABF05 /* Debug */ = {
			isa = XCBuildConfiguration;
			buildSettings = {
				ALWAYS_SEARCH_USER_PATHS = NO;
				CLANG_ANALYZER_NONNULL = YES;
				CLANG_ANALYZER_NUMBER_OBJECT_CONVERSION = YES_AGGRESSIVE;
				CLANG_CXX_LANGUAGE_STANDARD = "gnu++14";
				CLANG_CXX_LIBRARY = "libc++";
				CLANG_ENABLE_MODULES = YES;
				CLANG_ENABLE_OBJC_ARC = YES;
				CLANG_ENABLE_OBJC_WEAK = YES;
				CLANG_WARN_BLOCK_CAPTURE_AUTORELEASING = YES;
				CLANG_WARN_BOOL_CONVERSION = YES;
				CLANG_WARN_COMMA = YES;
				CLANG_WARN_CONSTANT_CONVERSION = YES;
				CLANG_WARN_DEPRECATED_OBJC_IMPLEMENTATIONS = YES;
				CLANG_WARN_DIRECT_OBJC_ISA_USAGE = YES_ERROR;
				CLANG_WARN_DOCUMENTATION_COMMENTS = YES;
				CLANG_WARN_EMPTY_BODY = YES;
				CLANG_WARN_ENUM_CONVERSION = YES;
				CLANG_WARN_INFINITE_RECURSION = YES;
				CLANG_WARN_INT_CONVERSION = YES;
				CLANG_WARN_NON_LITERAL_NULL_CONVERSION = YES;
				CLANG_WARN_OBJC_IMPLICIT_RETAIN_SELF = YES;
				CLANG_WARN_OBJC_LITERAL_CONVERSION = YES;
				CLANG_WARN_OBJC_ROOT_CLASS = YES_ERROR;
				CLANG_WARN_QUOTED_INCLUDE_IN_FRAMEWORK_HEADER = YES;
				CLANG_WARN_RANGE_LOOP_ANALYSIS = YES;
				CLANG_WARN_STRICT_PROTOTYPES = YES;
				CLANG_WARN_SUSPICIOUS_MOVE = YES;
				CLANG_WARN_UNGUARDED_AVAILABILITY = YES_AGGRESSIVE;
				CLANG_WARN_UNREACHABLE_CODE = YES;
				CLANG_WARN__DUPLICATE_METHOD_MATCH = YES;
				COPY_PHASE_STRIP = NO;
				DEBUG_INFORMATION_FORMAT = dwarf;
				ENABLE_STRICT_OBJC_MSGSEND = YES;
				ENABLE_TESTABILITY = YES;
				GCC_C_LANGUAGE_STANDARD = gnu11;
				GCC_DYNAMIC_NO_PIC = NO;
				GCC_NO_COMMON_BLOCKS = YES;
				GCC_OPTIMIZATION_LEVEL = 0;
				GCC_PREPROCESSOR_DEFINITIONS = (
					"DEBUG=1",
					"$(inherited)",
				);
				GCC_WARN_64_TO_32_BIT_CONVERSION = YES;
				GCC_WARN_ABOUT_RETURN_TYPE = YES_ERROR;
				GCC_WARN_UNDECLARED_SELECTOR = YES;
				GCC_WARN_UNINITIALIZED_AUTOS = YES_AGGRESSIVE;
				GCC_WARN_UNUSED_FUNCTION = YES;
				GCC_WARN_UNUSED_VARIABLE = YES;
				MACOSX_DEPLOYMENT_TARGET = 11.1;
				MTL_ENABLE_DEBUG_INFO = INCLUDE_SOURCE;
				MTL_FAST_MATH = YES;
				ONLY_ACTIVE_ARCH = YES;
				SDKROOT = macosx;
			};
			name = Debug;
		};
		B6F2571325FEF45D00DABF05 /* Release */ = {
			isa = XCBuildConfiguration;
			buildSettings = {
				ALWAYS_SEARCH_USER_PATHS = NO;
				CLANG_ANALYZER_NONNULL = YES;
				CLANG_ANALYZER_NUMBER_OBJECT_CONVERSION = YES_AGGRESSIVE;
				CLANG_CXX_LANGUAGE_STANDARD = "gnu++14";
				CLANG_CXX_LIBRARY = "libc++";
				CLANG_ENABLE_MODULES = YES;
				CLANG_ENABLE_OBJC_ARC = YES;
				CLANG_ENABLE_OBJC_WEAK = YES;
				CLANG_WARN_BLOCK_CAPTURE_AUTORELEASING = YES;
				CLANG_WARN_BOOL_CONVERSION = YES;
				CLANG_WARN_COMMA = YES;
				CLANG_WARN_CONSTANT_CONVERSION = YES;
				CLANG_WARN_DEPRECATED_OBJC_IMPLEMENTATIONS = YES;
				CLANG_WARN_DIRECT_OBJC_ISA_USAGE = YES_ERROR;
				CLANG_WARN_DOCUMENTATION_COMMENTS = YES;
				CLANG_WARN_EMPTY_BODY = YES;
				CLANG_WARN_ENUM_CONVERSION = YES;
				CLANG_WARN_INFINITE_RECURSION = YES;
				CLANG_WARN_INT_CONVERSION = YES;
				CLANG_WARN_NON_LITERAL_NULL_CONVERSION = YES;
				CLANG_WARN_OBJC_IMPLICIT_RETAIN_SELF = YES;
				CLANG_WARN_OBJC_LITERAL_CONVERSION = YES;
				CLANG_WARN_OBJC_ROOT_CLASS = YES_ERROR;
				CLANG_WARN_QUOTED_INCLUDE_IN_FRAMEWORK_HEADER = YES;
				CLANG_WARN_RANGE_LOOP_ANALYSIS = YES;
				CLANG_WARN_STRICT_PROTOTYPES = YES;
				CLANG_WARN_SUSPICIOUS_MOVE = YES;
				CLANG_WARN_UNGUARDED_AVAILABILITY = YES_AGGRESSIVE;
				CLANG_WARN_UNREACHABLE_CODE = YES;
				CLANG_WARN__DUPLICATE_METHOD_MATCH = YES;
				COPY_PHASE_STRIP = NO;
				DEBUG_INFORMATION_FORMAT = "dwarf-with-dsym";
				ENABLE_NS_ASSERTIONS = NO;
				ENABLE_STRICT_OBJC_MSGSEND = YES;
				GCC_C_LANGUAGE_STANDARD = gnu11;
				GCC_NO_COMMON_BLOCKS = YES;
				GCC_WARN_64_TO_32_BIT_CONVERSION = YES;
				GCC_WARN_ABOUT_RETURN_TYPE = YES_ERROR;
				GCC_WARN_UNDECLARED_SELECTOR = YES;
				GCC_WARN_UNINITIALIZED_AUTOS = YES_AGGRESSIVE;
				GCC_WARN_UNUSED_FUNCTION = YES;
				GCC_WARN_UNUSED_VARIABLE = YES;
				MACOSX_DEPLOYMENT_TARGET = 11.1;
				MTL_ENABLE_DEBUG_INFO = NO;
				MTL_FAST_MATH = YES;
				SDKROOT = macosx;
			};
			name = Release;
		};
		B6F2571525FEF45D00DABF05 /* Debug */ = {
			isa = XCBuildConfiguration;
			buildSettings = {
				CODE_SIGN_STYLE = Automatic;
				PRODUCT_NAME = "$(TARGET_NAME)";
			};
			name = Debug;
		};
		B6F2571625FEF45D00DABF05 /* Release */ = {
			isa = XCBuildConfiguration;
			buildSettings = {
				CODE_SIGN_STYLE = Automatic;
				PRODUCT_NAME = "$(TARGET_NAME)";
			};
			name = Release;
		};
/* End XCBuildConfiguration section */

/* Begin XCConfigurationList section */
		B6F2570825FEF45D00DABF05 /* Build configuration list for PBXProject "pnm" */ = {
			isa = XCConfigurationList;
			buildConfigurations = (
				B6F2571225FEF45D00DABF05 /* Debug */,
				B6F2571325FEF45D00DABF05 /* Release */,
			);
			defaultConfigurationIsVisible = 0;
			defaultConfigurationName = Release;
		};
		B6F2571425FEF45D00DABF05 /* Build configuration list for PBXNativeTarget "pnm" */ = {
			isa = XCConfigurationList;
			buildConfigurations = (
				B6F2571525FEF45D00DABF05 /* Debug */,
				B6F2571625FEF45D00DABF05 /* Release */,
			);
			defaultConfigurationIsVisible = 0;
			defaultConfigurationName = Release;
		};
/* End XCConfigurationList section */
	};
	rootObject = B6F2570525FEF45D00DABF05 /* Project object */;
}
